
Microsoft Visual Studio Solution File, Format Version 12.00
# Visual Studio 14
VisualStudioVersion = 14.0.25420.1
MinimumVisualStudioVersion = 10.0.40219.1
Project("{FAE04EC0-301F-11D3-BF4B-00C04F79EFBC}") = "ApiAgentes", "ApiAgentes\ApiAgentes.csproj", "{8A214172-4333-466B-AC0F-C2A97272D21B}"
EndProject
Project("{FAE04EC0-301F-11D3-BF4B-00C04F79EFBC}") = "MyMvc", "MyMvc\MyMvc.csproj", "{AA2BAB7C-173C-4CDB-B198-6114D453993A}"
EndProject
Project("{FAE04EC0-301F-11D3-BF4B-00C04F79EFBC}") = "Tools", "Tools\Tools.csproj", "{7C60614D-E6DC-440A-BB17-28324ACB140B}"
EndProject
Project("{2150E333-8FDC-42A3-9474-1A3956D46DE8}") = "Jobs", "Jobs", "{86C2568A-E951-4A4E-B37F-374D223588EC}"
EndProject
Project("{FAE04EC0-301F-11D3-BF4B-00C04F79EFBC}") = "JOB_CARGAPAGOS", "JOB_CARGAPAGOS\JOB_CARGAPAGOS.csproj", "{23E251B9-94DE-40E1-BC7A-919DB52BE8AA}"
EndProject
Project("{FAE04EC0-301F-11D3-BF4B-00C04F79EFBC}") = "JOB_CARGACLIENTES", "JOB_CARGACLIENTES\JOB_CARGACLIENTES.csproj", "{93E0E2C7-A17D-4EE3-A0A0-48F2A75D18FD}"
EndProject
Project("{FAE04EC0-301F-11D3-BF4B-00C04F79EFBC}") = "JOB_CARGACONVERSACIONES", "JOB_CARGACONVERSACIONES\JOB_CARGACONVERSACIONES.csproj", "{1C5E90BF-C21F-4DC4-A090-4174ABF77049}"
EndProject
Project("{FAE04EC0-301F-11D3-BF4B-00C04F79EFBC}") = "JOB_CARGACAMPANAS", "JOB_CARGACAMPANAS\JOB_CARGACAMPANAS.csproj", "{862380A1-A1E4-4819-A907-504A5470B589}"
EndProject
Project("{2150E333-8FDC-42A3-9474-1A3956D46DE8}") = "WindServices", "WindServices", "{79DA347E-7306-4FD5-B616-EAF75B17CF22}"
EndProject
Project("{FAE04EC0-301F-11D3-BF4B-00C04F79EFBC}") = "WINSRV_NOTIFICAPAGO", "WINSRV_NOTIFICAPAGO\WINSRV_NOTIFICAPAGO.csproj", "{BD99B4CE-B486-46A2-A05F-57E5731355E7}"
EndProject
Project("{FAE04EC0-301F-11D3-BF4B-00C04F79EFBC}") = "WINSRV_NOTIFICACUERDOPAGO", "WINSRV_NOTIFICACUERDOPAGO\WINSRV_NOTIFICACUERDOPAGO.csproj", "{EDFE47C3-C649-4248-A665-4ED19053ACD4}"
EndProject
Project("{FAE04EC0-301F-11D3-BF4B-00C04F79EFBC}") = "WINSRV_ACTUALIZACLIENTE", "WINSRV_ACTUALIZACLIENTE\WINSRV_ACTUALIZACLIENTE.csproj", "{BF08C831-012C-4E9C-8DE4-EDC6DEF8784E}"
EndProject
Global
	GlobalSection(SolutionConfigurationPlatforms) = preSolution
		Debug|Any CPU = Debug|Any CPU
		Release|Any CPU = Release|Any CPU
	EndGlobalSection
	GlobalSection(ProjectConfigurationPlatforms) = postSolution
		{8A214172-4333-466B-AC0F-C2A97272D21B}.Debug|Any CPU.ActiveCfg = Debug|Any CPU
		{8A214172-4333-466B-AC0F-C2A97272D21B}.Debug|Any CPU.Build.0 = Debug|Any CPU
		{8A214172-4333-466B-AC0F-C2A97272D21B}.Release|Any CPU.ActiveCfg = Release|Any CPU
		{8A214172-4333-466B-AC0F-C2A97272D21B}.Release|Any CPU.Build.0 = Release|Any CPU
		{AA2BAB7C-173C-4CDB-B198-6114D453993A}.Debug|Any CPU.ActiveCfg = Debug|Any CPU
		{AA2BAB7C-173C-4CDB-B198-6114D453993A}.Debug|Any CPU.Build.0 = Debug|Any CPU
		{AA2BAB7C-173C-4CDB-B198-6114D453993A}.Release|Any CPU.ActiveCfg = Release|Any CPU
		{AA2BAB7C-173C-4CDB-B198-6114D453993A}.Release|Any CPU.Build.0 = Release|Any CPU
		{7C60614D-E6DC-440A-BB17-28324ACB140B}.Debug|Any CPU.ActiveCfg = Debug|Any CPU
		{7C60614D-E6DC-440A-BB17-28324ACB140B}.Debug|Any CPU.Build.0 = Debug|Any CPU
		{7C60614D-E6DC-440A-BB17-28324ACB140B}.Release|Any CPU.ActiveCfg = Release|Any CPU
		{7C60614D-E6DC-440A-BB17-28324ACB140B}.Release|Any CPU.Build.0 = Release|Any CPU
		{23E251B9-94DE-40E1-BC7A-919DB52BE8AA}.Debug|Any CPU.ActiveCfg = Debug|Any CPU
		{23E251B9-94DE-40E1-BC7A-919DB52BE8AA}.Debug|Any CPU.Build.0 = Debug|Any CPU
		{23E251B9-94DE-40E1-BC7A-919DB52BE8AA}.Release|Any CPU.ActiveCfg = Release|Any CPU
		{23E251B9-94DE-40E1-BC7A-919DB52BE8AA}.Release|Any CPU.Build.0 = Release|Any CPU
		{93E0E2C7-A17D-4EE3-A0A0-48F2A75D18FD}.Debug|Any CPU.ActiveCfg = Debug|Any CPU
		{93E0E2C7-A17D-4EE3-A0A0-48F2A75D18FD}.Debug|Any CPU.Build.0 = Debug|Any CPU
		{93E0E2C7-A17D-4EE3-A0A0-48F2A75D18FD}.Release|Any CPU.ActiveCfg = Release|Any CPU
		{93E0E2C7-A17D-4EE3-A0A0-48F2A75D18FD}.Release|Any CPU.Build.0 = Release|Any CPU
		{1C5E90BF-C21F-4DC4-A090-4174ABF77049}.Debug|Any CPU.ActiveCfg = Debug|Any CPU
		{1C5E90BF-C21F-4DC4-A090-4174ABF77049}.Debug|Any CPU.Build.0 = Debug|Any CPU
		{1C5E90BF-C21F-4DC4-A090-4174ABF77049}.Release|Any CPU.ActiveCfg = Release|Any CPU
		{1C5E90BF-C21F-4DC4-A090-4174ABF77049}.Release|Any CPU.Build.0 = Release|Any CPU
		{862380A1-A1E4-4819-A907-504A5470B589}.Debug|Any CPU.ActiveCfg = Debug|Any CPU
		{862380A1-A1E4-4819-A907-504A5470B589}.Debug|Any CPU.Build.0 = Debug|Any CPU
		{862380A1-A1E4-4819-A907-504A5470B589}.Release|Any CPU.ActiveCfg = Release|Any CPU
		{862380A1-A1E4-4819-A907-504A5470B589}.Release|Any CPU.Build.0 = Release|Any CPU
		{BD99B4CE-B486-46A2-A05F-57E5731355E7}.Debug|Any CPU.ActiveCfg = Debug|Any CPU
		{BD99B4CE-B486-46A2-A05F-57E5731355E7}.Debug|Any CPU.Build.0 = Debug|Any CPU
		{BD99B4CE-B486-46A2-A05F-57E5731355E7}.Release|Any CPU.ActiveCfg = Release|Any CPU
		{BD99B4CE-B486-46A2-A05F-57E5731355E7}.Release|Any CPU.Build.0 = Release|Any CPU
		{EDFE47C3-C649-4248-A665-4ED19053ACD4}.Debug|Any CPU.ActiveCfg = Debug|Any CPU
		{EDFE47C3-C649-4248-A665-4ED19053ACD4}.Debug|Any CPU.Build.0 = Debug|Any CPU
		{EDFE47C3-C649-4248-A665-4ED19053ACD4}.Release|Any CPU.ActiveCfg = Release|Any CPU
		{EDFE47C3-C649-4248-A665-4ED19053ACD4}.Release|Any CPU.Build.0 = Release|Any CPU
		{BF08C831-012C-4E9C-8DE4-EDC6DEF8784E}.Debug|Any CPU.ActiveCfg = Debug|Any CPU
		{BF08C831-012C-4E9C-8DE4-EDC6DEF8784E}.Debug|Any CPU.Build.0 = Debug|Any CPU
		{BF08C831-012C-4E9C-8DE4-EDC6DEF8784E}.Release|Any CPU.ActiveCfg = Release|Any CPU
		{BF08C831-012C-4E9C-8DE4-EDC6DEF8784E}.Release|Any CPU.Build.0 = Release|Any CPU
	EndGlobalSection
	GlobalSection(SolutionProperties) = preSolution
		HideSolutionNode = FALSE
	EndGlobalSection
	GlobalSection(NestedProjects) = preSolution
		{23E251B9-94DE-40E1-BC7A-919DB52BE8AA} = {86C2568A-E951-4A4E-B37F-374D223588EC}
		{93E0E2C7-A17D-4EE3-A0A0-48F2A75D18FD} = {86C2568A-E951-4A4E-B37F-374D223588EC}
		{1C5E90BF-C21F-4DC4-A090-4174ABF77049} = {86C2568A-E951-4A4E-B37F-374D223588EC}
		{862380A1-A1E4-4819-A907-504A5470B589} = {86C2568A-E951-4A4E-B37F-374D223588EC}
		{BD99B4CE-B486-46A2-A05F-57E5731355E7} = {79DA347E-7306-4FD5-B616-EAF75B17CF22}
		{EDFE47C3-C649-4248-A665-4ED19053ACD4} = {79DA347E-7306-4FD5-B616-EAF75B17CF22}
		{BF08C831-012C-4E9C-8DE4-EDC6DEF8784E} = {79DA347E-7306-4FD5-B616-EAF75B17CF22}
	EndGlobalSection
EndGlobal
